<?xml version="1.0" encoding="utf-8"?>
<Project ToolsVersion="4.0" xmlns="http://schemas.microsoft.com/developer/msbuild/2003">
  <ItemGroup>
    <Filter Include="Source Files">
      <UniqueIdentifier>{e4ebcbbe-cd3e-4d71-bf25-b4608d2aa3da}</UniqueIdentifier>
      <Extensions>cpp</Extensions>
    </Filter>
    <Filter Include="Header Files">
      <UniqueIdentifier>{e6ad2922-5ad8-451f-a9b8-853c6d362e8b}</UniqueIdentifier>
      <Extensions>h</Extensions>
    </Filter>
    <Filter Include="Miscellaneous Files">
      <UniqueIdentifier>{de0e8d5a-a79c-4484-b421-9887dc82e941}</UniqueIdentifier>
      <Extensions>txt</Extensions>
    </Filter>
  </ItemGroup>
  <ItemGroup>
    <Text Include="ReadMe.txt">
      <Filter>Miscellaneous Files</Filter>
    </Text>
    <Text Include="Options.txt">
      <Filter>Miscellaneous Files</Filter>
    </Text>
  </ItemGroup>
  <ItemGroup>
    <ClCompile Include="..\quik-deform\SVD.cpp">
      <Filter>Source Files</Filter>
    </ClCompile>
    <ClCompile Include="..\quik-deform\QuikDeformer.cpp">
      <Filter>Source Files</Filter>
    </ClCompile>
    <ClCompile Include="..\quik-deform\PositionConstraint.cpp">
      <Filter>Source Files</Filter>
    </ClCompile>
    <ClCompile Include="..\quik-deform\GroundConstraint.cpp">
      <Filter>Source Files</Filter>
    </ClCompile>
    <ClCompile Include="..\quik-deform\main.cpp">
      <Filter>Source Files</Filter>
    </ClCompile>
    <ClCompile Include="QuikDeformNode.cpp">
      <Filter>Source Files</Filter>
    </ClCompile>
    <ClCompile Include="..\quik-deform\OBJGenerator.cpp">
      <Filter>Source Files</Filter>
    </ClCompile>
    <ClCompile Include="..\quik-deform\TetStrainConstraint.cpp">
      <Filter>Source Files</Filter>
    </ClCompile>
    <ClCompile Include="..\quik-deform\TriangleStrainConstraint.cpp">
      <Filter>Source Files</Filter>
    </ClCompile>
  </ItemGroup>
  <ItemGroup>
    <ClInclude Include="..\quik-deform\Constraint.h">
      <Filter>Header Files</Filter>
    </ClInclude>
    <ClInclude Include="..\quik-deform\global.h">
      <Filter>Header Files</Filter>
    </ClInclude>
    <ClInclude Include="..\quik-deform\GroundConstraint.h">
      <Filter>Header Files</Filter>
    </ClInclude>
    <ClInclude Include="..\quik-deform\initialize.h">
      <Filter>Header Files</Filter>
    </ClInclude>
    <ClInclude Include="..\quik-deform\PositionConstraint.h">
      <Filter>Header Files</Filter>
    </ClInclude>
    <ClInclude Include="..\quik-deform\QuikDeformer.h">
      <Filter>Header Files</Filter>
    </ClInclude>
    <ClInclude Include="..\quik-deform\SVD.h">
      <Filter>Header Files</Filter>
    </ClInclude>
    <ClInclude Include="QuikDeformNode.h">
      <Filter>Header Files</Filter>
    </ClInclude>
    <ClInclude Include="..\quik-deform\OBJGenerator.h">
      <Filter>Header Files</Filter>
    </ClInclude>
    <ClInclude Include="..\quik-deform\TetStrainConstraint.h">
      <Filter>Header Files</Filter>
    </ClInclude>
    <ClInclude Include="..\quik-deform\TriangleStrainConstraint.h">
      <Filter>Header Files</Filter>
    </ClInclude>
  </ItemGroup>
  <ItemGroup>
    <None Include="AEQuikDeformNodeTemplate.mel">
      <Filter>Miscellaneous Files</Filter>
    </None>
    <None Include="Debug\QuikDeformNodeMenu.mel">
      <Filter>Miscellaneous Files</Filter>
    </None>
  </ItemGroup>
</Project>